hash: 2aa79c63b6b4c75791cd5ce0d80dafeffaf26bd539b99c66bee6ce14d1150d4b
updated: 2018-04-24T12:55:36.632137-03:00
imports:
- name: github.com/Yapo/goutils
  version: 8d29e3f85fde125933692829955b1504cbf7c637
- name: github.com/Yapo/logger
  version: 91855e974718b8c68dd00e63817568f1f512a4cc
- name: gopkg.in/facebookgo/atomicfile.v0
  version: 2de1f203e7d5e386a6833233882782932729f27e
- name: gopkg.in/gorilla/mux.v1
  version: 53c1911da2b537f792e7cafcb446b05ffe33b996
testImports:
- name: gopkg.in/stretchr/testify.v1
  version: ""
  subpackages:
  - assert
  - mock
