hash: 8b9375c4b405166a5b01a7cf05fcec2cfc63d042e0c512c09a06f90d91aabb86
updated: 2018-04-11T17:22:40.281698-03:00
imports:
- name: github.com/gorilla/context
  version: 08b5f424b9271eedf6f9f0ce86cb9396ed337a42
- name: github.com/Yapo/goutils
  version: 7188fd3b15ad219b4919661a69eb3f955d4a4e8a
- name: github.com/Yapo/logger
  version: 91855e974718b8c68dd00e63817568f1f512a4cc
- name: gopkg.in/facebookgo/atomicfile.v0
  version: 2de1f203e7d5e386a6833233882782932729f27e
- name: gopkg.in/gorilla/mux.v1
  version: 53c1911da2b537f792e7cafcb446b05ffe33b996
testImports:
- name: github.com/davecgh/go-spew
  version: db69d09d2c587e9b9677f991dfcab1fc24d9086e
  subpackages:
  - spew
- name: github.com/pmezard/go-difflib
  version: d8ed2627bdf02c080bf22230dbb337003b7aba2d
  subpackages:
  - difflib
- name: github.com/stretchr/objx
  version: 8a3f7159479fbc75b30357fbc48f380b7320f08e
- name: github.com/stretchr/testify
  version: f6abca593680b2315d2075e0f5e2a9751e3f431a
  subpackages:
  - assert
- name: gopkg.in/stretchr/testify.v1
  version: 12b6f73e6084dad08a7c6e575284b177ecafbc71
  subpackages:
  - assert
  - mock
