github.com/Yapo/goutils v0.0.0-20181129191247-856391331311 h1:g2t9cyouk9TTxPnc8mEZ+wDTYgVQHFMfBCPP4kAK3Cc=
github.com/Yapo/goutils v0.0.0-20181129191247-856391331311/go.mod h1:vwbb836mTl+MESeRTP4jmRBjzlvhNqcf5lSeb5YVahg=
github.com/Yapo/logger v0.0.0-20170328173756-91855e974718 h1:u57RyLOqvJFfyK1/9+V5aeqKdK2iKXxdXFWRoqF44UA=
github.com/Yapo/logger v0.0.0-20170328173756-91855e974718/go.mod h1:M3zxSm+YcYPvdII8l5Hq0wzYVGm/NmKTbGZ55GVoxcM=
github.com/davecgh/go-spew v1.1.1 h1:vj9j/u1bqnvCEfJOwUhtlOARqs3+rkHYY13jYWTU97c=
github.com/davecgh/go-spew v1.1.1/go.mod h1:J7Y8YcW2NihsgmVo/mv3lAwl/skON4iLHjSsI+c5H38=
github.com/gorilla/context v1.1.1 h1:AWwleXJkX/nhcU9bZSnZoi3h/qGYqQAGhq6zZe/aQW8=
github.com/gorilla/context v1.1.1/go.mod h1:kBGZzfjB9CEq2AlWe17Uuf7NDRt0dE0s8S51q0aT7Yg=
github.com/gorilla/mux v1.6.2 h1:Pgr17XVTNXAk3q/r4CpKzC5xBM/qW1uVLV+IhRZpIIk=
github.com/gorilla/mux v1.6.2/go.mod h1:1lud6UwP+6orDFRuTfBEV8e9/aOM/c4fVVCaMa2zaAs=
github.com/newrelic/go-agent v1.11.0 h1:jnd8+H6dB+93UTJHFT1wJoij5spKNN/xZ0nkw0kvt7o=
github.com/newrelic/go-agent v1.11.0/go.mod h1:a8Fv1b/fYhFSReoTU6HDkTYIMZeSVNffmoS726Y0LzQ=
github.com/pmezard/go-difflib v1.0.0 h1:4DBwDE0NGyQoBHbLQYPwSUPoCMWR5BEzIk/f1lZbAQM=
github.com/pmezard/go-difflib v1.0.0/go.mod h1:iKH77koFhYxTK1pcRnkKkqfTogsbg7gZNVY4sRDYZ/4=
github.com/stretchr/objx v0.1.1 h1:2vfRuCMp5sSVIDSqO8oNnWJq7mPa6KVP3iPIwFBuy8A=
github.com/stretchr/objx v0.1.1/go.mod h1:HFkY916IF+rwdDfMAkV7OtwuqBVzrE8GR6GFx+wExME=
github.com/stretchr/testify v1.2.2 h1:bSDNvY7ZPG5RlJ8otE/7V6gMiyenm9RtJ7IUVIAoJ1w=
github.com/stretchr/testify v1.2.2/go.mod h1:a8OnRcib4nhh0OaRAV+Yts87kKdq0PP7pXfy6kDkUVs=
gopkg.in/facebookgo/atomicfile.v0 v0.0.0-20151019160806-2de1f203e7d5/go.mod h1:yiizTbH5YPITgnaIs//6z2Lz/0oqgYCdauayxU3327A=
gopkg.in/gorilla/mux.v1 v1.6.2 h1:tqLaxQbXrLoJ8s8TxRt8h0Cy8tC6hoZYPUh6XEydXdQ=
gopkg.in/gorilla/mux.v1 v1.6.2/go.mod h1:e2OVw+7KJ9sr6MyI5tOf+k3H6vtMSI2/AnbzLAWuwRw=
gopkg.in/stretchr/testify.v1 v1.2.2 h1:yhQC6Uy5CqibAIlk1wlusa/MJ3iAN49/BsR/dCCKz3M=
gopkg.in/stretchr/testify.v1 v1.2.2/go.mod h1:QI5V/q6UbPmuhtm10CaFZxED9NreB8PnFYN9JcR6TxU=
